// !$*UTF8*$!
{
	archiveVersion = 1;
	classes = {
	};
	objectVersion = 46;
	objects = {

/* Begin PBXBuildFile section */
		0DABCD281D788A12002CC748 /* main.m in Sources */ = {isa = PBXBuildFile; fileRef = 0DABCD271D788A12002CC748 /* main.m */; };
		0DABCD2B1D788A12002CC748 /* AppDelegate.m in Sources */ = {isa = PBXBuildFile; fileRef = 0DABCD2A1D788A12002CC748 /* AppDelegate.m */; };
		0DABCD2E1D788A12002CC748 /* ViewController.m in Sources */ = {isa = PBXBuildFile; fileRef = 0DABCD2D1D788A12002CC748 /* ViewController.m */; };
		0DABCD311D788A12002CC748 /* Main.storyboard in Resources */ = {isa = PBXBuildFile; fileRef = 0DABCD2F1D788A12002CC748 /* Main.storyboard */; };
		0DABCD331D788A12002CC748 /* Assets.xcassets in Resources */ = {isa = PBXBuildFile; fileRef = 0DABCD321D788A12002CC748 /* Assets.xcassets */; };
		0DABCD361D788A12002CC748 /* LaunchScreen.storyboard in Resources */ = {isa = PBXBuildFile; fileRef = 0DABCD341D788A12002CC748 /* LaunchScreen.storyboard */; };
		0DABCD3F1D788F77002CC748 /* HQLExpandableButton.m in Sources */ = {isa = PBXBuildFile; fileRef = 0DABCD3E1D788F77002CC748 /* HQLExpandableButton.m */; };
/* End PBXBuildFile section */

/* Begin PBXFileReference section */
		0DABCD231D788A12002CC748 /* HQLExpandableButtonDemo.app */ = {isa = PBXFileReference; explicitFileType = wrapper.application; includeInIndex = 0; path = HQLExpandableButtonDemo.app; sourceTree = BUILT_PRODUCTS_DIR; };
		0DABCD271D788A12002CC748 /* main.m */ = {isa = PBXFileReference; lastKnownFileType = sourcecode.c.objc; path = main.m; sourceTree = "<group>"; };
		0DABCD291D788A12002CC748 /* AppDelegate.h */ = {isa = PBXFileReference; lastKnownFileType = sourcecode.c.h; path = AppDelegate.h; sourceTree = "<group>"; };
		0DABCD2A1D788A12002CC748 /* AppDelegate.m */ = {isa = PBXFileReference; lastKnownFileType = sourcecode.c.objc; path = AppDelegate.m; sourceTree = "<group>"; };
		0DABCD2C1D788A12002CC748 /* ViewController.h */ = {isa = PBXFileReference; lastKnownFileType = sourcecode.c.h; path = ViewController.h; sourceTree = "<group>"; };
		0DABCD2D1D788A12002CC748 /* ViewController.m */ = {isa = PBXFileReference; lastKnownFileType = sourcecode.c.objc; path = ViewController.m; sourceTree = "<group>"; };
		0DABCD301D788A12002CC748 /* Base */ = {isa = PBXFileReference; lastKnownFileType = file.storyboard; name = Base; path = Base.lproj/Main.storyboard; sourceTree = "<group>"; };
		0DABCD321D788A12002CC748 /* Assets.xcassets */ = {isa = PBXFileReference; lastKnownFileType = folder.assetcatalog; path = Assets.xcassets; sourceTree = "<group>"; };
		0DABCD351D788A12002CC748 /* Base */ = {isa = PBXFileReference; lastKnownFileType = file.storyboard; name = Base; path = Base.lproj/LaunchScreen.storyboard; sourceTree = "<group>"; };
		0DABCD371D788A12002CC748 /* Info.plist */ = {isa = PBXFileReference; lastKnownFileType = text.plist.xml; path = Info.plist; sourceTree = "<group>"; };
		0DABCD3D1D788F77002CC748 /* HQLExpandableButton.h */ = {isa = PBXFileReference; fileEncoding = 4; lastKnownFileType = sourcecode.c.h; path = HQLExpandableButton.h; sourceTree = "<group>"; };
		0DABCD3E1D788F77002CC748 /* HQLExpandableButton.m */ = {isa = PBXFileReference; fileEncoding = 4; lastKnownFileType = sourcecode.c.objc; path = HQLExpandableButton.m; sourceTree = "<group>"; };
/* End PBXFileReference section */

/* Begin PBXFrameworksBuildPhase section */
		0DABCD201D788A12002CC748 /* Frameworks */ = {
			isa = PBXFrameworksBuildPhase;
			buildActionMask = 2147483647;
			files = (
			);
			runOnlyForDeploymentPostprocessing = 0;
		};
/* End PBXFrameworksBuildPhase section */

/* Begin PBXGroup section */
		0DABCD1A1D788A12002CC748 = {
			isa = PBXGroup;
			children = (
				0DABCD251D788A12002CC748 /* HQLExpandableButtonDemo */,
				0DABCD241D788A12002CC748 /* Products */,
			);
			sourceTree = "<group>";
		};
		0DABCD241D788A12002CC748 /* Products */ = {
			isa = PBXGroup;
			children = (
				0DABCD231D788A12002CC748 /* HQLExpandableButtonDemo.app */,
			);
			name = Products;
			sourceTree = "<group>";
		};
		0DABCD251D788A12002CC748 /* HQLExpandableButtonDemo */ = {
			isa = PBXGroup;
			children = (
				0DABCD291D788A12002CC748 /* AppDelegate.h */,
				0DABCD2A1D788A12002CC748 /* AppDelegate.m */,
				0DABCD2C1D788A12002CC748 /* ViewController.h */,
				0DABCD2D1D788A12002CC748 /* ViewController.m */,
				0DABCD2F1D788A12002CC748 /* Main.storyboard */,
				0DABCD321D788A12002CC748 /* Assets.xcassets */,
				0DABCD341D788A12002CC748 /* LaunchScreen.storyboard */,
				0DABCD371D788A12002CC748 /* Info.plist */,
				0DABCD261D788A12002CC748 /* Supporting Files */,
				0DABCD3D1D788F77002CC748 /* HQLExpandableButton.h */,
				0DABCD3E1D788F77002CC748 /* HQLExpandableButton.m */,
			);
			path = HQLExpandableButtonDemo;
			sourceTree = "<group>";
		};
		0DABCD261D788A12002CC748 /* Supporting Files */ = {
			isa = PBXGroup;
			children = (
				0DABCD271D788A12002CC748 /* main.m */,
			);
			name = "Supporting Files";
			sourceTree = "<group>";
		};
/* End PBXGroup section */

/* Begin PBXNativeTarget section */
		0DABCD221D788A12002CC748 /* HQLExpandableButtonDemo */ = {
			isa = PBXNativeTarget;
			buildConfigurationList = 0DABCD3A1D788A12002CC748 /* Build configuration list for PBXNativeTarget "HQLExpandableButtonDemo" */;
			buildPhases = (
				0DABCD1F1D788A12002CC748 /* Sources */,
				0DABCD201D788A12002CC748 /* Frameworks */,
				0DABCD211D788A12002CC748 /* Resources */,
			);
			buildRules = (
			);
			dependencies = (
			);
			name = HQLExpandableButtonDemo;
			productName = HQLExpandableButtonDemo;
			productReference = 0DABCD231D788A12002CC748 /* HQLExpandableButtonDemo.app */;
			productType = "com.apple.product-type.application";
		};
/* End PBXNativeTarget section */

/* Begin PBXProject section */
		0DABCD1B1D788A12002CC748 /* Project object */ = {
			isa = PBXProject;
			attributes = {
				LastUpgradeCheck = 0730;
				ORGANIZATIONNAME = HQL;
				TargetAttributes = {
					0DABCD221D788A12002CC748 = {
						CreatedOnToolsVersion = 7.3;
					};
				};
			};
			buildConfigurationList = 0DABCD1E1D788A12002CC748 /* Build configuration list for PBXProject "HQLExpandableButtonDemo" */;
			compatibilityVersion = "Xcode 3.2";
			developmentRegion = English;
			hasScannedForEncodings = 0;
			knownRegions = (
				en,
				Base,
			);
			mainGroup = 0DABCD1A1D788A12002CC748;
			productRefGroup = 0DABCD241D788A12002CC748 /* Products */;
			projectDirPath = "";
			projectRoot = "";
			targets = (
				0DABCD221D788A12002CC748 /* HQLExpandableButtonDemo */,
			);
		};
/* End PBXProject section */

/* Begin PBXResourcesBuildPhase section */
		0DABCD211D788A12002CC748 /* Resources */ = {
			isa = PBXResourcesBuildPhase;
			buildActionMask = 2147483647;
			files = (
				0DABCD361D788A12002CC748 /* LaunchScreen.storyboard in Resources */,
				0DABCD331D788A12002CC748 /* Assets.xcassets in Resources */,
				0DABCD311D788A12002CC748 /* Main.storyboard in Resources */,
			);
			runOnlyForDeploymentPostprocessing = 0;
		};
/* End PBXResourcesBuildPhase section */

/* Begin PBXSourcesBuildPhase section */
		0DABCD1F1D788A12002CC748 /* Sources */ = {
			isa = PBXSourcesBuildPhase;
			buildActionMask = 2147483647;
			files = (
				0DABCD2E1D788A12002CC748 /* ViewController.m in Sources */,
				0DABCD3F1D788F77002CC748 /* HQLExpandableButton.m in Sources */,
				0DABCD2B1D788A12002CC748 /* AppDelegate.m in Sources */,
				0DABCD281D788A12002CC748 /* main.m in Sources */,
			);
			runOnlyForDeploymentPostprocessing = 0;
		};
/* End PBXSourcesBuildPhase section */

/* Begin PBXVariantGroup section */
		0DABCD2F1D788A12002CC748 /* Main.storyboard */ = {
			isa = PBXVariantGroup;
			children = (
				0DABCD301D788A12002CC748 /* Base */,
			);
			name = Main.storyboard;
			sourceTree = "<group>";
		};
		0DABCD341D788A12002CC748 /* LaunchScreen.storyboard */ = {
			isa = PBXVariantGroup;
			children = (
				0DABCD351D788A12002CC748 /* Base */,
			);
			name = LaunchScreen.storyboard;
			sourceTree = "<group>";
		};
/* End PBXVariantGroup section */

/* Begin XCBuildConfiguration section */
		0DABCD381D788A12002CC748 /* Debug */ = {
			isa = XCBuildConfiguration;
			buildSettings = {
				ALWAYS_SEARCH_USER_PATHS = NO;
				CLANG_ANALYZER_NONNULL = YES;
				CLANG_CXX_LANGUAGE_STANDARD = "gnu++0x";
				CLANG_CXX_LIBRARY = "libc++";
				CLANG_ENABLE_MODULES = YES;
				CLANG_ENABLE_OBJC_ARC = YES;
				CLANG_WARN_BOOL_CONVERSION = YES;
				CLANG_WARN_CONSTANT_CONVERSION = YES;
				CLANG_WARN_DIRECT_OBJC_ISA_USAGE = YES_ERROR;
				CLANG_WARN_EMPTY_BODY = YES;
				CLANG_WARN_ENUM_CONVERSION = YES;
				CLANG_WARN_INT_CONVERSION = YES;
				CLANG_WARN_OBJC_ROOT_CLASS = YES_ERROR;
				CLANG_WARN_UNREACHABLE_CODE = YES;
				CLANG_WARN__DUPLICATE_METHOD_MATCH = YES;
				"CODE_SIGN_IDENTITY[sdk=iphoneos*]" = "iPhone Developer";
				COPY_PHASE_STRIP = NO;
				DEBUG_INFORMATION_FORMAT = dwarf;
				ENABLE_STRICT_OBJC_MSGSEND = YES;
				ENABLE_TESTABILITY = YES;
				GCC_C_LANGUAGE_STANDARD = gnu99;
				GCC_DYNAMIC_NO_PIC = NO;
				GCC_NO_COMMON_BLOCKS = YES;
				GCC_OPTIMIZATION_LEVEL = 0;
				GCC_PREPROCESSOR_DEFINITIONS = (
					"DEBUG=1",
					"$(inherited)",
				);
				GCC_WARN_64_TO_32_BIT_CONVERSION = YES;
				GCC_WARN_ABOUT_RETURN_TYPE = YES_ERROR;
				GCC_WARN_UNDECLARED_SELECTOR = YES;
				GCC_WARN_UNINITIALIZED_AUTOS = YES_AGGRESSIVE;
				GCC_WARN_UNUSED_FUNCTION = YES;
				GCC_WARN_UNUSED_VARIABLE = YES;
				IPHONEOS_DEPLOYMENT_TARGET = 9.3;
				MTL_ENABLE_DEBUG_INFO = YES;
				ONLY_ACTIVE_ARCH = YES;
				SDKROOT = iphoneos;
			};
			name = Debug;
		};
		0DABCD391D788A12002CC748 /* Release */ = {
			isa = XCBuildConfiguration;
			buildSettings = {
				ALWAYS_SEARCH_USER_PATHS = NO;
				CLANG_ANALYZER_NONNULL = YES;
				CLANG_CXX_LANGUAGE_STANDARD = "gnu++0x";
				CLANG_CXX_LIBRARY = "libc++";
				CLANG_ENABLE_MODULES = YES;
				CLANG_ENABLE_OBJC_ARC = YES;
				CLANG_WARN_BOOL_CONVERSION = YES;
				CLANG_WARN_CONSTANT_CONVERSION = YES;
				CLANG_WARN_DIRECT_OBJC_ISA_USAGE = YES_ERROR;
				CLANG_WARN_EMPTY_BODY = YES;
				CLANG_WARN_ENUM_CONVERSION = YES;
				CLANG_WARN_INT_CONVERSION = YES;
				CLANG_WARN_OBJC_ROOT_CLASS = YES_ERROR;
				CLANG_WARN_UNREACHABLE_CODE = YES;
				CLANG_WARN__DUPLICATE_METHOD_MATCH = YES;
				"CODE_SIGN_IDENTITY[sdk=iphoneos*]" = "iPhone Developer";
				COPY_PHASE_STRIP = NO;
				DEBUG_INFORMATION_FORMAT = "dwarf-with-dsym";
				ENABLE_NS_ASSERTIONS = NO;
				ENABLE_STRICT_OBJC_MSGSEND = YES;
				GCC_C_LANGUAGE_STANDARD = gnu99;
				GCC_NO_COMMON_BLOCKS = YES;
				GCC_WARN_64_TO_32_BIT_CONVERSION = YES;
				GCC_WARN_ABOUT_RETURN_TYPE = YES_ERROR;
				GCC_WARN_UNDECLARED_SELECTOR = YES;
				GCC_WARN_UNINITIALIZED_AUTOS = YES_AGGRESSIVE;
				GCC_WARN_UNUSED_FUNCTION = YES;
				GCC_WARN_UNUSED_VARIABLE = YES;
				IPHONEOS_DEPLOYMENT_TARGET = 9.3;
				MTL_ENABLE_DEBUG_INFO = NO;
				SDKROOT = iphoneos;
				VALIDATE_PRODUCT = YES;
			};
			name = Release;
		};
		0DABCD3B1D788A12002CC748 /* Debug */ = {
			isa = XCBuildConfiguration;
			buildSettings = {
				ASSETCATALOG_COMPILER_APPICON_NAME = AppIcon;
				INFOPLIST_FILE = HQLExpandableButtonDemo/Info.plist;
				LD_RUNPATH_SEARCH_PATHS = "$(inherited) @executable_path/Frameworks";
				PRODUCT_BUNDLE_IDENTIFIER = cn.HQL.HQLExpandableButtonDemo;
				PRODUCT_NAME = "$(TARGET_NAME)";
			};
			name = Debug;
		};
		0DABCD3C1D788A12002CC748 /* Release */ = {
			isa = XCBuildConfiguration;
			buildSettings = {
				ASSETCATALOG_COMPILER_APPICON_NAME = AppIcon;
				INFOPLIST_FILE = HQLExpandableButtonDemo/Info.plist;
				LD_RUNPATH_SEARCH_PATHS = "$(inherited) @executable_path/Frameworks";
				PRODUCT_BUNDLE_IDENTIFIER = cn.HQL.HQLExpandableButtonDemo;
				PRODUCT_NAME = "$(TARGET_NAME)";
			};
			name = Release;
		};
/* End XCBuildConfiguration section */

/* Begin XCConfigurationList section */
		0DABCD1E1D788A12002CC748 /* Build configuration list for PBXProject "HQLExpandableButtonDemo" */ = {
			isa = XCConfigurationList;
			buildConfigurations = (
				0DABCD381D788A12002CC748 /* Debug */,
				0DABCD391D788A12002CC748 /* Release */,
			);
			defaultConfigurationIsVisible = 0;
			defaultConfigurationName = Release;
		};
		0DABCD3A1D788A12002CC748 /* Build configuration list for PBXNativeTarget "HQLExpandableButtonDemo" */ = {
			isa = XCConfigurationList;
			buildConfigurations = (
				0DABCD3B1D788A12002CC748 /* Debug */,
				0DABCD3C1D788A12002CC748 /* Release */,
			);
			defaultConfigurationIsVisible = 0;
		};
/* End XCConfigurationList section */
	};
	rootObject = 0DABCD1B1D788A12002CC748 /* Project object */;
}
